
Microsoft Visual Studio Solution File, Format Version 12.00
# Visual Studio Version 17
VisualStudioVersion = 17.9.34622.214
MinimumVisualStudioVersion = 10.0.40219.1
Project("{9A19103F-16F7-4668-BE54-9A1E7A4F7556}") = "C#Assignments", "C#Assignments\C#Assignments.csproj", "{AE4099F0-8325-4FC1-A1CB-529A2DC77A72}"
EndProject
Project("{2150E333-8FDC-42A3-9474-1A3956D46DE8}") = "Solution Items", "Solution Items", "{12A8432A-EE12-4B2B-88BF-D5821BE7DCAF}"
EndProject
Global
	GlobalSection(SolutionConfigurationPlatforms) = preSolution
		Debug|Any CPU = Debug|Any CPU
		Release|Any CPU = Release|Any CPU
	EndGlobalSection
	GlobalSection(ProjectConfigurationPlatforms) = postSolution
		{AE4099F0-8325-4FC1-A1CB-529A2DC77A72}.Debug|Any CPU.ActiveCfg = Debug|Any CPU
		{AE4099F0-8325-4FC1-A1CB-529A2DC77A72}.Debug|Any CPU.Build.0 = Debug|Any CPU
		{AE4099F0-8325-4FC1-A1CB-529A2DC77A72}.Release|Any CPU.ActiveCfg = Release|Any CPU
		{AE4099F0-8325-4FC1-A1CB-529A2DC77A72}.Release|Any CPU.Build.0 = Release|Any CPU
	EndGlobalSection
	GlobalSection(SolutionProperties) = preSolution
		HideSolutionNode = FALSE
	EndGlobalSection
	GlobalSection(ExtensibilityGlobals) = postSolution
		SolutionGuid = {704CA6C2-BED6-4A56-BE8C-1FEC4EDD3879}
	EndGlobalSection
EndGlobal
